
Microsoft Visual Studio Solution File, Format Version 12.00
# Visual Studio Version 17
VisualStudioVersion = 17.9.34902.65
MinimumVisualStudioVersion = 10.0.40219.1
Project("{FAE04EC0-301F-11D3-BF4B-00C04F79EFBC}") = "ItIAssIgnment", "ItIAssIgnment\ItIAssIgnment.csproj", "{2DE0B274-3ED9-4BB9-9E17-E2DD95808059}"
EndProject
Global
	GlobalSection(SolutionConfigurationPlatforms) = preSolution
		Debug|Any CPU = Debug|Any CPU
		Release|Any CPU = Release|Any CPU
	EndGlobalSection
	GlobalSection(ProjectConfigurationPlatforms) = postSolution
		{2DE0B274-3ED9-4BB9-9E17-E2DD95808059}.Debug|Any CPU.ActiveCfg = Debug|Any CPU
		{2DE0B274-3ED9-4BB9-9E17-E2DD95808059}.Debug|Any CPU.Build.0 = Debug|Any CPU
		{2DE0B274-3ED9-4BB9-9E17-E2DD95808059}.Release|Any CPU.ActiveCfg = Release|Any CPU
		{2DE0B274-3ED9-4BB9-9E17-E2DD95808059}.Release|Any CPU.Build.0 = Release|Any CPU
	EndGlobalSection
	GlobalSection(SolutionProperties) = preSolution
		HideSolutionNode = FALSE
	EndGlobalSection
	GlobalSection(ExtensibilityGlobals) = postSolution
		SolutionGuid = {737C3D5E-F702-4EF2-B872-B3631974148A}
	EndGlobalSection
EndGlobal
